
Microsoft Visual Studio Solution File, Format Version 12.00
# Visual Studio Version 17
VisualStudioVersion = 17.5.001.0
MinimumVisualStudioVersion = 10.0.40219.1
Project("{9A19103F-16F7-4668-BE54-9A1E7A4F7556}") = "Json.NET.Test", "Json.NET.Test.csproj", "{B9A6797E-218C-4FF0-80F9-AB736D405346}"
EndProject
Global
	GlobalSection(SolutionConfigurationPlatforms) = preSolution
		Debug|Any CPU = Debug|Any CPU
		Release|Any CPU = Release|Any CPU
	EndGlobalSection
	GlobalSection(ProjectConfigurationPlatforms) = postSolution
		{B9A6797E-218C-4FF0-80F9-AB736D405346}.Debug|Any CPU.ActiveCfg = Debug|Any CPU
		{B9A6797E-218C-4FF0-80F9-AB736D405346}.Debug|Any CPU.Build.0 = Debug|Any CPU
		{B9A6797E-218C-4FF0-80F9-AB736D405346}.Release|Any CPU.ActiveCfg = Release|Any CPU
		{B9A6797E-218C-4FF0-80F9-AB736D405346}.Release|Any CPU.Build.0 = Release|Any CPU
	EndGlobalSection
	GlobalSection(SolutionProperties) = preSolution
		HideSolutionNode = FALSE
	EndGlobalSection
	GlobalSection(ExtensibilityGlobals) = postSolution
		SolutionGuid = {B1060B7F-84B0-4B2A-8AD9-FE17D2797319}
	EndGlobalSection
EndGlobal
